
Microsoft Visual Studio Solution File, Format Version 12.00
# Visual Studio Version 16
VisualStudioVersion = 16.0.32126.315
MinimumVisualStudioVersion = 10.0.40219.1
Project("{FAE04EC0-301F-11D3-BF4B-00C04F79EFBC}") = "GE.Domain", "GE.Domain\GE.Domain.csproj", "{A7171D3A-BC9F-4B50-B4AE-78CD25A1434F}"
EndProject
Project("{FAE04EC0-301F-11D3-BF4B-00C04F79EFBC}") = "GE.GUI", "GE.GUI\GE.GUI.csproj", "{318190C7-DB92-4979-8C0F-06B8860233D6}"
EndProject
Project("{FAE04EC0-301F-11D3-BF4B-00C04F79EFBC}") = "GE.Service", "GE.Service\GE.Service.csproj", "{3E540953-76AF-4648-B40A-5BAD5A6A90C0}"
EndProject
Project("{FAE04EC0-301F-11D3-BF4B-00C04F79EFBC}") = "GE.Data", "GE.Data\GE.Data.csproj", "{F68F86D6-D489-4D10-92E6-1E5D41823DED}"
EndProject
Global
	GlobalSection(SolutionConfigurationPlatforms) = preSolution
		Debug|Any CPU = Debug|Any CPU
		Release|Any CPU = Release|Any CPU
	EndGlobalSection
	GlobalSection(ProjectConfigurationPlatforms) = postSolution
		{A7171D3A-BC9F-4B50-B4AE-78CD25A1434F}.Debug|Any CPU.ActiveCfg = Debug|Any CPU
		{A7171D3A-BC9F-4B50-B4AE-78CD25A1434F}.Debug|Any CPU.Build.0 = Debug|Any CPU
		{A7171D3A-BC9F-4B50-B4AE-78CD25A1434F}.Release|Any CPU.ActiveCfg = Release|Any CPU
		{A7171D3A-BC9F-4B50-B4AE-78CD25A1434F}.Release|Any CPU.Build.0 = Release|Any CPU
		{318190C7-DB92-4979-8C0F-06B8860233D6}.Debug|Any CPU.ActiveCfg = Debug|Any CPU
		{318190C7-DB92-4979-8C0F-06B8860233D6}.Debug|Any CPU.Build.0 = Debug|Any CPU
		{318190C7-DB92-4979-8C0F-06B8860233D6}.Release|Any CPU.ActiveCfg = Release|Any CPU
		{318190C7-DB92-4979-8C0F-06B8860233D6}.Release|Any CPU.Build.0 = Release|Any CPU
		{3E540953-76AF-4648-B40A-5BAD5A6A90C0}.Debug|Any CPU.ActiveCfg = Debug|Any CPU
		{3E540953-76AF-4648-B40A-5BAD5A6A90C0}.Debug|Any CPU.Build.0 = Debug|Any CPU
		{3E540953-76AF-4648-B40A-5BAD5A6A90C0}.Release|Any CPU.ActiveCfg = Release|Any CPU
		{3E540953-76AF-4648-B40A-5BAD5A6A90C0}.Release|Any CPU.Build.0 = Release|Any CPU
		{F68F86D6-D489-4D10-92E6-1E5D41823DED}.Debug|Any CPU.ActiveCfg = Debug|Any CPU
		{F68F86D6-D489-4D10-92E6-1E5D41823DED}.Debug|Any CPU.Build.0 = Debug|Any CPU
		{F68F86D6-D489-4D10-92E6-1E5D41823DED}.Release|Any CPU.ActiveCfg = Release|Any CPU
		{F68F86D6-D489-4D10-92E6-1E5D41823DED}.Release|Any CPU.Build.0 = Release|Any CPU
	EndGlobalSection
	GlobalSection(SolutionProperties) = preSolution
		HideSolutionNode = FALSE
	EndGlobalSection
	GlobalSection(ExtensibilityGlobals) = postSolution
		SolutionGuid = {0BF5BD7E-721E-4B1C-BC9A-482D3C5F1E12}
	EndGlobalSection
EndGlobal
